// !$*UTF8*$!
{
	archiveVersion = 1;
	classes = {
	};
	objectVersion = 48;
	objects = {

/* Begin PBXBuildFile section */
		1C0499B31F7AC87B004C846F /* AppDelegate.swift in Sources */ = {isa = PBXBuildFile; fileRef = 1C0499B21F7AC87B004C846F /* AppDelegate.swift */; };
		1C0499B71F7AC87B004C846F /* Assets.xcassets in Resources */ = {isa = PBXBuildFile; fileRef = 1C0499B61F7AC87B004C846F /* Assets.xcassets */; };
		1C0499BA1F7AC87B004C846F /* Main.storyboard in Resources */ = {isa = PBXBuildFile; fileRef = 1C0499B81F7AC87B004C846F /* Main.storyboard */; };
		1C0499C61F7ACA3F004C846F /* ToolbarVC.swift in Sources */ = {isa = PBXBuildFile; fileRef = 1C0499C51F7ACA3F004C846F /* ToolbarVC.swift */; };
		1C0499C81F7ACA4E004C846F /* ChannelVC.swift in Sources */ = {isa = PBXBuildFile; fileRef = 1C0499C71F7ACA4E004C846F /* ChannelVC.swift */; };
		1C0499CA1F7ACA5C004C846F /* ChatVC.swift in Sources */ = {isa = PBXBuildFile; fileRef = 1C0499C91F7ACA5C004C846F /* ChatVC.swift */; };
		1C0499CC1F7ACBF0004C846F /* MainWindowController.swift in Sources */ = {isa = PBXBuildFile; fileRef = 1C0499CB1F7ACBF0004C846F /* MainWindowController.swift */; };
		1C29C4C01F7ACD570042A790 /* Constants.swift in Sources */ = {isa = PBXBuildFile; fileRef = 1C29C4BF1F7ACD570042A790 /* Constants.swift */; };
		1C29C4C21F7AE8C20042A790 /* NSButton.swift in Sources */ = {isa = PBXBuildFile; fileRef = 1C29C4C11F7AE8C10042A790 /* NSButton.swift */; };
		1C29C4C61F7AF1A00042A790 /* ClickBlockingView.swift in Sources */ = {isa = PBXBuildFile; fileRef = 1C29C4C51F7AF1A00042A790 /* ClickBlockingView.swift */; };
		1C29C4C81F7BFB450042A790 /* ModalLogin.xib in Resources */ = {isa = PBXBuildFile; fileRef = 1C29C4C71F7BFB450042A790 /* ModalLogin.xib */; };
		1C29C4CA1F7BFB780042A790 /* ModalLogin.swift in Sources */ = {isa = PBXBuildFile; fileRef = 1C29C4C91F7BFB780042A790 /* ModalLogin.swift */; };
		1C29C4CC1F7C2D1A0042A790 /* ModalCreateAccount.xib in Resources */ = {isa = PBXBuildFile; fileRef = 1C29C4CB1F7C2D190042A790 /* ModalCreateAccount.xib */; };
		1C29C4CE1F7C2D2D0042A790 /* ModalCreateAccount.swift in Sources */ = {isa = PBXBuildFile; fileRef = 1C29C4CD1F7C2D2D0042A790 /* ModalCreateAccount.swift */; };
		1C60D9BA1F7D853200F65568 /* UserDataService.swift in Sources */ = {isa = PBXBuildFile; fileRef = 1C60D9B91F7D853200F65568 /* UserDataService.swift */; };
		1C60D9BE1F7E978C00F65568 /* ModalProfile.xib in Resources */ = {isa = PBXBuildFile; fileRef = 1C60D9BD1F7E978C00F65568 /* ModalProfile.xib */; };
		1C60D9C01F7E97B100F65568 /* ModalProfile.swift in Sources */ = {isa = PBXBuildFile; fileRef = 1C60D9BF1F7E97B100F65568 /* ModalProfile.swift */; };
		1C99CA861F7D588B003077AB /* AuthService.swift in Sources */ = {isa = PBXBuildFile; fileRef = 1C99CA851F7D588B003077AB /* AuthService.swift */; };
		1CF4776D1F80267D00C8E0E4 /* SocketService.swift in Sources */ = {isa = PBXBuildFile; fileRef = 1CF4776C1F80267D00C8E0E4 /* SocketService.swift */; };
		1CF477721F82B0B300C8E0E4 /* ModalAddChannel.xib in Resources */ = {isa = PBXBuildFile; fileRef = 1CF477711F82B0B300C8E0E4 /* ModalAddChannel.xib */; };
		1CF477741F82B0DA00C8E0E4 /* ModalAddChannel.swift in Sources */ = {isa = PBXBuildFile; fileRef = 1CF477731F82B0DA00C8E0E4 /* ModalAddChannel.swift */; };
		1CF477791F83C6E500C8E0E4 /* AvatarPickerVC.swift in Sources */ = {isa = PBXBuildFile; fileRef = 1CF477771F83C6E500C8E0E4 /* AvatarPickerVC.swift */; };
		1CF4777A1F83C6E500C8E0E4 /* AvatarPickerVC.xib in Resources */ = {isa = PBXBuildFile; fileRef = 1CF477781F83C6E500C8E0E4 /* AvatarPickerVC.xib */; };
		1CF4777D1F83CAC900C8E0E4 /* AnimalCell.swift in Sources */ = {isa = PBXBuildFile; fileRef = 1CF4777B1F83CAC900C8E0E4 /* AnimalCell.swift */; };
		1CF4777E1F83CAC900C8E0E4 /* AnimalCell.xib in Resources */ = {isa = PBXBuildFile; fileRef = 1CF4777C1F83CAC900C8E0E4 /* AnimalCell.xib */; };
		88255F50DC5585EB65F3D79D /* Pods_SmackApp.framework in Frameworks */ = {isa = PBXBuildFile; fileRef = 2C7A90009BEA57C8AB2641C8 /* Pods_SmackApp.framework */; };
/* End PBXBuildFile section */

/* Begin PBXFileReference section */
		1C0499AF1F7AC87B004C846F /* SmackApp.app */ = {isa = PBXFileReference; explicitFileType = wrapper.application; includeInIndex = 0; path = SmackApp.app; sourceTree = BUILT_PRODUCTS_DIR; };
		1C0499B21F7AC87B004C846F /* AppDelegate.swift */ = {isa = PBXFileReference; lastKnownFileType = sourcecode.swift; path = AppDelegate.swift; sourceTree = "<group>"; };
		1C0499B61F7AC87B004C846F /* Assets.xcassets */ = {isa = PBXFileReference; lastKnownFileType = folder.assetcatalog; path = Assets.xcassets; sourceTree = "<group>"; };
		1C0499B91F7AC87B004C846F /* Base */ = {isa = PBXFileReference; lastKnownFileType = file.storyboard; name = Base; path = Base.lproj/Main.storyboard; sourceTree = "<group>"; };
		1C0499BB1F7AC87B004C846F /* Info.plist */ = {isa = PBXFileReference; lastKnownFileType = text.plist.xml; path = Info.plist; sourceTree = "<group>"; };
		1C0499BC1F7AC87B004C846F /* SmackApp.entitlements */ = {isa = PBXFileReference; lastKnownFileType = text.plist.entitlements; path = SmackApp.entitlements; sourceTree = "<group>"; };
		1C0499C51F7ACA3F004C846F /* ToolbarVC.swift */ = {isa = PBXFileReference; lastKnownFileType = sourcecode.swift; path = ToolbarVC.swift; sourceTree = "<group>"; };
		1C0499C71F7ACA4E004C846F /* ChannelVC.swift */ = {isa = PBXFileReference; lastKnownFileType = sourcecode.swift; path = ChannelVC.swift; sourceTree = "<group>"; };
		1C0499C91F7ACA5C004C846F /* ChatVC.swift */ = {isa = PBXFileReference; lastKnownFileType = sourcecode.swift; path = ChatVC.swift; sourceTree = "<group>"; };
		1C0499CB1F7ACBF0004C846F /* MainWindowController.swift */ = {isa = PBXFileReference; lastKnownFileType = sourcecode.swift; path = MainWindowController.swift; sourceTree = "<group>"; };
		1C29C4BF1F7ACD570042A790 /* Constants.swift */ = {isa = PBXFileReference; lastKnownFileType = sourcecode.swift; path = Constants.swift; sourceTree = "<group>"; };
		1C29C4C11F7AE8C10042A790 /* NSButton.swift */ = {isa = PBXFileReference; lastKnownFileType = sourcecode.swift; path = NSButton.swift; sourceTree = "<group>"; };
		1C29C4C51F7AF1A00042A790 /* ClickBlockingView.swift */ = {isa = PBXFileReference; lastKnownFileType = sourcecode.swift; path = ClickBlockingView.swift; sourceTree = "<group>"; };
		1C29C4C71F7BFB450042A790 /* ModalLogin.xib */ = {isa = PBXFileReference; lastKnownFileType = file.xib; path = ModalLogin.xib; sourceTree = "<group>"; };
		1C29C4C91F7BFB780042A790 /* ModalLogin.swift */ = {isa = PBXFileReference; lastKnownFileType = sourcecode.swift; path = ModalLogin.swift; sourceTree = "<group>"; };
		1C29C4CB1F7C2D190042A790 /* ModalCreateAccount.xib */ = {isa = PBXFileReference; lastKnownFileType = file.xib; path = ModalCreateAccount.xib; sourceTree = "<group>"; };
		1C29C4CD1F7C2D2D0042A790 /* ModalCreateAccount.swift */ = {isa = PBXFileReference; lastKnownFileType = sourcecode.swift; path = ModalCreateAccount.swift; sourceTree = "<group>"; };
		1C60D9B91F7D853200F65568 /* UserDataService.swift */ = {isa = PBXFileReference; lastKnownFileType = sourcecode.swift; path = UserDataService.swift; sourceTree = "<group>"; };
		1C60D9BD1F7E978C00F65568 /* ModalProfile.xib */ = {isa = PBXFileReference; lastKnownFileType = file.xib; path = ModalProfile.xib; sourceTree = "<group>"; };
		1C60D9BF1F7E97B100F65568 /* ModalProfile.swift */ = {isa = PBXFileReference; lastKnownFileType = sourcecode.swift; path = ModalProfile.swift; sourceTree = "<group>"; };
		1C99CA851F7D588B003077AB /* AuthService.swift */ = {isa = PBXFileReference; lastKnownFileType = sourcecode.swift; path = AuthService.swift; sourceTree = "<group>"; };
		1CF4776C1F80267D00C8E0E4 /* SocketService.swift */ = {isa = PBXFileReference; lastKnownFileType = sourcecode.swift; path = SocketService.swift; sourceTree = "<group>"; };
		1CF477711F82B0B300C8E0E4 /* ModalAddChannel.xib */ = {isa = PBXFileReference; lastKnownFileType = file.xib; path = ModalAddChannel.xib; sourceTree = "<group>"; };
		1CF477731F82B0DA00C8E0E4 /* ModalAddChannel.swift */ = {isa = PBXFileReference; lastKnownFileType = sourcecode.swift; path = ModalAddChannel.swift; sourceTree = "<group>"; };
		1CF477771F83C6E500C8E0E4 /* AvatarPickerVC.swift */ = {isa = PBXFileReference; lastKnownFileType = sourcecode.swift; path = AvatarPickerVC.swift; sourceTree = "<group>"; };
		1CF477781F83C6E500C8E0E4 /* AvatarPickerVC.xib */ = {isa = PBXFileReference; lastKnownFileType = file.xib; path = AvatarPickerVC.xib; sourceTree = "<group>"; };
		1CF4777B1F83CAC900C8E0E4 /* AnimalCell.swift */ = {isa = PBXFileReference; lastKnownFileType = sourcecode.swift; path = AnimalCell.swift; sourceTree = "<group>"; };
		1CF4777C1F83CAC900C8E0E4 /* AnimalCell.xib */ = {isa = PBXFileReference; lastKnownFileType = file.xib; path = AnimalCell.xib; sourceTree = "<group>"; };
		2C7A90009BEA57C8AB2641C8 /* Pods_SmackApp.framework */ = {isa = PBXFileReference; explicitFileType = wrapper.framework; includeInIndex = 0; path = Pods_SmackApp.framework; sourceTree = BUILT_PRODUCTS_DIR; };
		924448F5A8727E34DF8A9DC0 /* Pods-SmackApp.debug.xcconfig */ = {isa = PBXFileReference; includeInIndex = 1; lastKnownFileType = text.xcconfig; name = "Pods-SmackApp.debug.xcconfig"; path = "Pods/Target Support Files/Pods-SmackApp/Pods-SmackApp.debug.xcconfig"; sourceTree = "<group>"; };
		AA8552F3F63D2769FFA223B0 /* Pods-SmackApp.release.xcconfig */ = {isa = PBXFileReference; includeInIndex = 1; lastKnownFileType = text.xcconfig; name = "Pods-SmackApp.release.xcconfig"; path = "Pods/Target Support Files/Pods-SmackApp/Pods-SmackApp.release.xcconfig"; sourceTree = "<group>"; };
/* End PBXFileReference section */

/* Begin PBXFrameworksBuildPhase section */
		1C0499AC1F7AC87B004C846F /* Frameworks */ = {
			isa = PBXFrameworksBuildPhase;
			buildActionMask = 2147483647;
			files = (
				88255F50DC5585EB65F3D79D /* Pods_SmackApp.framework in Frameworks */,
			);
			runOnlyForDeploymentPostprocessing = 0;
		};
/* End PBXFrameworksBuildPhase section */

/* Begin PBXGroup section */
		1C0499A61F7AC87A004C846F = {
			isa = PBXGroup;
			children = (
				1C0499B11F7AC87B004C846F /* SmackApp */,
				1C0499B01F7AC87B004C846F /* Products */,
				3781DD92FF7AC0592CE25FC7 /* Pods */,
				F638065922B906A43D884062 /* Frameworks */,
			);
			sourceTree = "<group>";
		};
		1C0499B01F7AC87B004C846F /* Products */ = {
			isa = PBXGroup;
			children = (
				1C0499AF1F7AC87B004C846F /* SmackApp.app */,
			);
			name = Products;
			sourceTree = "<group>";
		};
		1C0499B11F7AC87B004C846F /* SmackApp */ = {
			isa = PBXGroup;
			children = (
				1C0499B21F7AC87B004C846F /* AppDelegate.swift */,
				1C0499C41F7ACA16004C846F /* Model */,
				1C0499C31F7ACA11004C846F /* View */,
				1C0499C21F7ACA06004C846F /* Controller */,
				1C99CA841F7D585A003077AB /* Services */,
				1C29C4BE1F7ACD3B0042A790 /* Utilities */,
				1C0499BB1F7AC87B004C846F /* Info.plist */,
				1C0499BC1F7AC87B004C846F /* SmackApp.entitlements */,
			);
			path = SmackApp;
			sourceTree = "<group>";
		};
		1C0499C21F7ACA06004C846F /* Controller */ = {
			isa = PBXGroup;
			children = (
				1C0499CB1F7ACBF0004C846F /* MainWindowController.swift */,
				1C0499C51F7ACA3F004C846F /* ToolbarVC.swift */,
				1C0499C71F7ACA4E004C846F /* ChannelVC.swift */,
				1C0499C91F7ACA5C004C846F /* ChatVC.swift */,
			);
			path = Controller;
			sourceTree = "<group>";
		};
		1C0499C31F7ACA11004C846F /* View */ = {
			isa = PBXGroup;
			children = (
				1C0499B81F7AC87B004C846F /* Main.storyboard */,
				1C0499B61F7AC87B004C846F /* Assets.xcassets */,
				1C29C4C51F7AF1A00042A790 /* ClickBlockingView.swift */,
				1CF477701F82B08200C8E0E4 /* Modal Profile */,
				1C60D9BB1F7E973100F65568 /* Modal Login */,
				1C60D9BC1F7E973D00F65568 /* Modal Create Account */,
				1CF477751F83C62300C8E0E4 /* Modal Add Channel */,
				1CF477761F83C6C500C8E0E4 /* Popover */,
			);
			path = View;
			sourceTree = "<group>";
		};
		1C0499C41F7ACA16004C846F /* Model */ = {
			isa = PBXGroup;
			children = (
			);
			path = Model;
			sourceTree = "<group>";
		};
		1C29C4BE1F7ACD3B0042A790 /* Utilities */ = {
			isa = PBXGroup;
			children = (
				1C29C4BF1F7ACD570042A790 /* Constants.swift */,
				1C29C4C11F7AE8C10042A790 /* NSButton.swift */,
			);
			path = Utilities;
			sourceTree = "<group>";
		};
		1C60D9BB1F7E973100F65568 /* Modal Login */ = {
			isa = PBXGroup;
			children = (
				1C29C4C91F7BFB780042A790 /* ModalLogin.swift */,
				1C29C4C71F7BFB450042A790 /* ModalLogin.xib */,
			);
			path = "Modal Login";
			sourceTree = "<group>";
		};
		1C60D9BC1F7E973D00F65568 /* Modal Create Account */ = {
			isa = PBXGroup;
			children = (
				1C29C4CD1F7C2D2D0042A790 /* ModalCreateAccount.swift */,
				1C29C4CB1F7C2D190042A790 /* ModalCreateAccount.xib */,
			);
			path = "Modal Create Account";
			sourceTree = "<group>";
		};
		1C99CA841F7D585A003077AB /* Services */ = {
			isa = PBXGroup;
			children = (
				1C99CA851F7D588B003077AB /* AuthService.swift */,
				1C60D9B91F7D853200F65568 /* UserDataService.swift */,
				1CF4776C1F80267D00C8E0E4 /* SocketService.swift */,
			);
			path = Services;
			sourceTree = "<group>";
		};
		1CF477701F82B08200C8E0E4 /* Modal Profile */ = {
			isa = PBXGroup;
			children = (
				1C60D9BF1F7E97B100F65568 /* ModalProfile.swift */,
				1C60D9BD1F7E978C00F65568 /* ModalProfile.xib */,
			);
			path = "Modal Profile";
			sourceTree = "<group>";
		};
		1CF477751F83C62300C8E0E4 /* Modal Add Channel */ = {
			isa = PBXGroup;
			children = (
				1CF477731F82B0DA00C8E0E4 /* ModalAddChannel.swift */,
				1CF477711F82B0B300C8E0E4 /* ModalAddChannel.xib */,
			);
			path = "Modal Add Channel";
			sourceTree = "<group>";
		};
		1CF477761F83C6C500C8E0E4 /* Popover */ = {
			isa = PBXGroup;
			children = (
				1CF477771F83C6E500C8E0E4 /* AvatarPickerVC.swift */,
				1CF477781F83C6E500C8E0E4 /* AvatarPickerVC.xib */,
				1CF4777B1F83CAC900C8E0E4 /* AnimalCell.swift */,
				1CF4777C1F83CAC900C8E0E4 /* AnimalCell.xib */,
			);
			path = Popover;
			sourceTree = "<group>";
		};
		3781DD92FF7AC0592CE25FC7 /* Pods */ = {
			isa = PBXGroup;
			children = (
				924448F5A8727E34DF8A9DC0 /* Pods-SmackApp.debug.xcconfig */,
				AA8552F3F63D2769FFA223B0 /* Pods-SmackApp.release.xcconfig */,
			);
			name = Pods;
			sourceTree = "<group>";
		};
		F638065922B906A43D884062 /* Frameworks */ = {
			isa = PBXGroup;
			children = (
				2C7A90009BEA57C8AB2641C8 /* Pods_SmackApp.framework */,
			);
			name = Frameworks;
			sourceTree = "<group>";
		};
/* End PBXGroup section */

/* Begin PBXNativeTarget section */
		1C0499AE1F7AC87B004C846F /* SmackApp */ = {
			isa = PBXNativeTarget;
			buildConfigurationList = 1C0499BF1F7AC87B004C846F /* Build configuration list for PBXNativeTarget "SmackApp" */;
			buildPhases = (
				044BF76C82B40B8556A9D8A2 /* [CP] Check Pods Manifest.lock */,
				1C0499AB1F7AC87B004C846F /* Sources */,
				1C0499AC1F7AC87B004C846F /* Frameworks */,
				1C0499AD1F7AC87B004C846F /* Resources */,
				930C75A5EAA7F1C4F28E17FD /* [CP] Embed Pods Frameworks */,
				141A27EC63B99AE9208C360C /* [CP] Copy Pods Resources */,
			);
			buildRules = (
			);
			dependencies = (
			);
			name = SmackApp;
			productName = SmackApp;
			productReference = 1C0499AF1F7AC87B004C846F /* SmackApp.app */;
			productType = "com.apple.product-type.application";
		};
/* End PBXNativeTarget section */

/* Begin PBXProject section */
		1C0499A71F7AC87A004C846F /* Project object */ = {
			isa = PBXProject;
			attributes = {
				LastSwiftUpdateCheck = 0900;
				LastUpgradeCheck = 0900;
				ORGANIZATIONNAME = "Think Berkshire";
				TargetAttributes = {
					1C0499AE1F7AC87B004C846F = {
						CreatedOnToolsVersion = 9.0;
						ProvisioningStyle = Automatic;
					};
				};
			};
			buildConfigurationList = 1C0499AA1F7AC87A004C846F /* Build configuration list for PBXProject "SmackApp" */;
			compatibilityVersion = "Xcode 8.0";
			developmentRegion = en;
			hasScannedForEncodings = 0;
			knownRegions = (
				en,
				Base,
			);
			mainGroup = 1C0499A61F7AC87A004C846F;
			productRefGroup = 1C0499B01F7AC87B004C846F /* Products */;
			projectDirPath = "";
			projectRoot = "";
			targets = (
				1C0499AE1F7AC87B004C846F /* SmackApp */,
			);
		};
/* End PBXProject section */

/* Begin PBXResourcesBuildPhase section */
		1C0499AD1F7AC87B004C846F /* Resources */ = {
			isa = PBXResourcesBuildPhase;
			buildActionMask = 2147483647;
			files = (
				1C0499B71F7AC87B004C846F /* Assets.xcassets in Resources */,
				1CF4777E1F83CAC900C8E0E4 /* AnimalCell.xib in Resources */,
				1C29C4CC1F7C2D1A0042A790 /* ModalCreateAccount.xib in Resources */,
				1CF4777A1F83C6E500C8E0E4 /* AvatarPickerVC.xib in Resources */,
				1C29C4C81F7BFB450042A790 /* ModalLogin.xib in Resources */,
				1CF477721F82B0B300C8E0E4 /* ModalAddChannel.xib in Resources */,
				1C60D9BE1F7E978C00F65568 /* ModalProfile.xib in Resources */,
				1C0499BA1F7AC87B004C846F /* Main.storyboard in Resources */,
			);
			runOnlyForDeploymentPostprocessing = 0;
		};
/* End PBXResourcesBuildPhase section */

/* Begin PBXShellScriptBuildPhase section */
		044BF76C82B40B8556A9D8A2 /* [CP] Check Pods Manifest.lock */ = {
			isa = PBXShellScriptBuildPhase;
			buildActionMask = 2147483647;
			files = (
			);
			inputPaths = (
			);
			name = "[CP] Check Pods Manifest.lock";
			outputPaths = (
			);
			runOnlyForDeploymentPostprocessing = 0;
			shellPath = /bin/sh;
			shellScript = "diff \"${PODS_ROOT}/../Podfile.lock\" \"${PODS_ROOT}/Manifest.lock\" > /dev/null\nif [ $? != 0 ] ; then\n    # print error to STDERR\n    echo \"error: The sandbox is not in sync with the Podfile.lock. Run 'pod install' or update your CocoaPods installation.\" >&2\n    exit 1\nfi\n";
			showEnvVarsInLog = 0;
		};
		141A27EC63B99AE9208C360C /* [CP] Copy Pods Resources */ = {
			isa = PBXShellScriptBuildPhase;
			buildActionMask = 2147483647;
			files = (
			);
			inputPaths = (
			);
			name = "[CP] Copy Pods Resources";
			outputPaths = (
			);
			runOnlyForDeploymentPostprocessing = 0;
			shellPath = /bin/sh;
			shellScript = "\"${SRCROOT}/Pods/Target Support Files/Pods-SmackApp/Pods-SmackApp-resources.sh\"\n";
			showEnvVarsInLog = 0;
		};
		930C75A5EAA7F1C4F28E17FD /* [CP] Embed Pods Frameworks */ = {
			isa = PBXShellScriptBuildPhase;
			buildActionMask = 2147483647;
			files = (
			);
			inputPaths = (
			);
			name = "[CP] Embed Pods Frameworks";
			outputPaths = (
			);
			runOnlyForDeploymentPostprocessing = 0;
			shellPath = /bin/sh;
			shellScript = "\"${SRCROOT}/Pods/Target Support Files/Pods-SmackApp/Pods-SmackApp-frameworks.sh\"\n";
			showEnvVarsInLog = 0;
		};
/* End PBXShellScriptBuildPhase section */

/* Begin PBXSourcesBuildPhase section */
		1C0499AB1F7AC87B004C846F /* Sources */ = {
			isa = PBXSourcesBuildPhase;
			buildActionMask = 2147483647;
			files = (
				1CF4776D1F80267D00C8E0E4 /* SocketService.swift in Sources */,
				1C0499CA1F7ACA5C004C846F /* ChatVC.swift in Sources */,
				1C29C4CE1F7C2D2D0042A790 /* ModalCreateAccount.swift in Sources */,
				1CF477741F82B0DA00C8E0E4 /* ModalAddChannel.swift in Sources */,
				1C29C4CA1F7BFB780042A790 /* ModalLogin.swift in Sources */,
				1CF477791F83C6E500C8E0E4 /* AvatarPickerVC.swift in Sources */,
				1C0499C61F7ACA3F004C846F /* ToolbarVC.swift in Sources */,
				1C0499C81F7ACA4E004C846F /* ChannelVC.swift in Sources */,
				1C99CA861F7D588B003077AB /* AuthService.swift in Sources */,
				1C60D9BA1F7D853200F65568 /* UserDataService.swift in Sources */,
				1C0499B31F7AC87B004C846F /* AppDelegate.swift in Sources */,
				1C29C4C61F7AF1A00042A790 /* ClickBlockingView.swift in Sources */,
				1C60D9C01F7E97B100F65568 /* ModalProfile.swift in Sources */,
				1C0499CC1F7ACBF0004C846F /* MainWindowController.swift in Sources */,
				1C29C4C01F7ACD570042A790 /* Constants.swift in Sources */,
				1C29C4C21F7AE8C20042A790 /* NSButton.swift in Sources */,
				1CF4777D1F83CAC900C8E0E4 /* AnimalCell.swift in Sources */,
			);
			runOnlyForDeploymentPostprocessing = 0;
		};
/* End PBXSourcesBuildPhase section */

/* Begin PBXVariantGroup section */
		1C0499B81F7AC87B004C846F /* Main.storyboard */ = {
			isa = PBXVariantGroup;
			children = (
				1C0499B91F7AC87B004C846F /* Base */,
			);
			name = Main.storyboard;
			sourceTree = "<group>";
		};
/* End PBXVariantGroup section */

/* Begin XCBuildConfiguration section */
		1C0499BD1F7AC87B004C846F /* Debug */ = {
			isa = XCBuildConfiguration;
			buildSettings = {
				ALWAYS_SEARCH_USER_PATHS = NO;
				CLANG_ANALYZER_NONNULL = YES;
				CLANG_ANALYZER_NUMBER_OBJECT_CONVERSION = YES_AGGRESSIVE;
				CLANG_CXX_LANGUAGE_STANDARD = "gnu++14";
				CLANG_CXX_LIBRARY = "libc++";
				CLANG_ENABLE_MODULES = YES;
				CLANG_ENABLE_OBJC_ARC = YES;
				CLANG_WARN_BLOCK_CAPTURE_AUTORELEASING = YES;
				CLANG_WARN_BOOL_CONVERSION = YES;
				CLANG_WARN_COMMA = YES;
				CLANG_WARN_CONSTANT_CONVERSION = YES;
				CLANG_WARN_DIRECT_OBJC_ISA_USAGE = YES_ERROR;
				CLANG_WARN_DOCUMENTATION_COMMENTS = YES;
				CLANG_WARN_EMPTY_BODY = YES;
				CLANG_WARN_ENUM_CONVERSION = YES;
				CLANG_WARN_INFINITE_RECURSION = YES;
				CLANG_WARN_INT_CONVERSION = YES;
				CLANG_WARN_NON_LITERAL_NULL_CONVERSION = YES;
				CLANG_WARN_OBJC_LITERAL_CONVERSION = YES;
				CLANG_WARN_OBJC_ROOT_CLASS = YES_ERROR;
				CLANG_WARN_RANGE_LOOP_ANALYSIS = YES;
				CLANG_WARN_STRICT_PROTOTYPES = YES;
				CLANG_WARN_SUSPICIOUS_MOVE = YES;
				CLANG_WARN_UNGUARDED_AVAILABILITY = YES_AGGRESSIVE;
				CLANG_WARN_UNREACHABLE_CODE = YES;
				CLANG_WARN__DUPLICATE_METHOD_MATCH = YES;
				CODE_SIGN_IDENTITY = "Mac Developer";
				COPY_PHASE_STRIP = NO;
				DEBUG_INFORMATION_FORMAT = dwarf;
				ENABLE_STRICT_OBJC_MSGSEND = YES;
				ENABLE_TESTABILITY = YES;
				GCC_C_LANGUAGE_STANDARD = gnu11;
				GCC_DYNAMIC_NO_PIC = NO;
				GCC_NO_COMMON_BLOCKS = YES;
				GCC_OPTIMIZATION_LEVEL = 0;
				GCC_PREPROCESSOR_DEFINITIONS = (
					"DEBUG=1",
					"$(inherited)",
				);
				GCC_WARN_64_TO_32_BIT_CONVERSION = YES;
				GCC_WARN_ABOUT_RETURN_TYPE = YES_ERROR;
				GCC_WARN_UNDECLARED_SELECTOR = YES;
				GCC_WARN_UNINITIALIZED_AUTOS = YES_AGGRESSIVE;
				GCC_WARN_UNUSED_FUNCTION = YES;
				GCC_WARN_UNUSED_VARIABLE = YES;
				MACOSX_DEPLOYMENT_TARGET = 10.12;
				MTL_ENABLE_DEBUG_INFO = YES;
				ONLY_ACTIVE_ARCH = YES;
				SDKROOT = macosx;
				SWIFT_ACTIVE_COMPILATION_CONDITIONS = DEBUG;
				SWIFT_OPTIMIZATION_LEVEL = "-Onone";
			};
			name = Debug;
		};
		1C0499BE1F7AC87B004C846F /* Release */ = {
			isa = XCBuildConfiguration;
			buildSettings = {
				ALWAYS_SEARCH_USER_PATHS = NO;
				CLANG_ANALYZER_NONNULL = YES;
				CLANG_ANALYZER_NUMBER_OBJECT_CONVERSION = YES_AGGRESSIVE;
				CLANG_CXX_LANGUAGE_STANDARD = "gnu++14";
				CLANG_CXX_LIBRARY = "libc++";
				CLANG_ENABLE_MODULES = YES;
				CLANG_ENABLE_OBJC_ARC = YES;
				CLANG_WARN_BLOCK_CAPTURE_AUTORELEASING = YES;
				CLANG_WARN_BOOL_CONVERSION = YES;
				CLANG_WARN_COMMA = YES;
				CLANG_WARN_CONSTANT_CONVERSION = YES;
				CLANG_WARN_DIRECT_OBJC_ISA_USAGE = YES_ERROR;
				CLANG_WARN_DOCUMENTATION_COMMENTS = YES;
				CLANG_WARN_EMPTY_BODY = YES;
				CLANG_WARN_ENUM_CONVERSION = YES;
				CLANG_WARN_INFINITE_RECURSION = YES;
				CLANG_WARN_INT_CONVERSION = YES;
				CLANG_WARN_NON_LITERAL_NULL_CONVERSION = YES;
				CLANG_WARN_OBJC_LITERAL_CONVERSION = YES;
				CLANG_WARN_OBJC_ROOT_CLASS = YES_ERROR;
				CLANG_WARN_RANGE_LOOP_ANALYSIS = YES;
				CLANG_WARN_STRICT_PROTOTYPES = YES;
				CLANG_WARN_SUSPICIOUS_MOVE = YES;
				CLANG_WARN_UNGUARDED_AVAILABILITY = YES_AGGRESSIVE;
				CLANG_WARN_UNREACHABLE_CODE = YES;
				CLANG_WARN__DUPLICATE_METHOD_MATCH = YES;
				CODE_SIGN_IDENTITY = "Mac Developer";
				COPY_PHASE_STRIP = NO;
				DEBUG_INFORMATION_FORMAT = "dwarf-with-dsym";
				ENABLE_NS_ASSERTIONS = NO;
				ENABLE_STRICT_OBJC_MSGSEND = YES;
				GCC_C_LANGUAGE_STANDARD = gnu11;
				GCC_NO_COMMON_BLOCKS = YES;
				GCC_WARN_64_TO_32_BIT_CONVERSION = YES;
				GCC_WARN_ABOUT_RETURN_TYPE = YES_ERROR;
				GCC_WARN_UNDECLARED_SELECTOR = YES;
				GCC_WARN_UNINITIALIZED_AUTOS = YES_AGGRESSIVE;
				GCC_WARN_UNUSED_FUNCTION = YES;
				GCC_WARN_UNUSED_VARIABLE = YES;
				MACOSX_DEPLOYMENT_TARGET = 10.12;
				MTL_ENABLE_DEBUG_INFO = NO;
				SDKROOT = macosx;
				SWIFT_OPTIMIZATION_LEVEL = "-Owholemodule";
			};
			name = Release;
		};
		1C0499C01F7AC87B004C846F /* Debug */ = {
			isa = XCBuildConfiguration;
			baseConfigurationReference = 924448F5A8727E34DF8A9DC0 /* Pods-SmackApp.debug.xcconfig */;
			buildSettings = {
				ASSETCATALOG_COMPILER_APPICON_NAME = AppIcon;
				CODE_SIGN_ENTITLEMENTS = SmackApp/SmackApp.entitlements;
				CODE_SIGN_STYLE = Automatic;
				COMBINE_HIDPI_IMAGES = YES;
				DEVELOPMENT_TEAM = 688NX2GMRC;
				INFOPLIST_FILE = SmackApp/Info.plist;
				LD_RUNPATH_SEARCH_PATHS = "$(inherited) @executable_path/../Frameworks";
				PRODUCT_BUNDLE_IDENTIFIER = com.thinkberkshire.SmackApp;
				PRODUCT_NAME = "$(TARGET_NAME)";
				SWIFT_VERSION = 4.0;
			};
			name = Debug;
		};
		1C0499C11F7AC87B004C846F /* Release */ = {
			isa = XCBuildConfiguration;
			baseConfigurationReference = AA8552F3F63D2769FFA223B0 /* Pods-SmackApp.release.xcconfig */;
			buildSettings = {
				ASSETCATALOG_COMPILER_APPICON_NAME = AppIcon;
				CODE_SIGN_ENTITLEMENTS = SmackApp/SmackApp.entitlements;
				CODE_SIGN_STYLE = Automatic;
				COMBINE_HIDPI_IMAGES = YES;
				DEVELOPMENT_TEAM = 688NX2GMRC;
				INFOPLIST_FILE = SmackApp/Info.plist;
				LD_RUNPATH_SEARCH_PATHS = "$(inherited) @executable_path/../Frameworks";
				PRODUCT_BUNDLE_IDENTIFIER = com.thinkberkshire.SmackApp;
				PRODUCT_NAME = "$(TARGET_NAME)";
				SWIFT_VERSION = 4.0;
			};
			name = Release;
		};
/* End XCBuildConfiguration section */

/* Begin XCConfigurationList section */
		1C0499AA1F7AC87A004C846F /* Build configuration list for PBXProject "SmackApp" */ = {
			isa = XCConfigurationList;
			buildConfigurations = (
				1C0499BD1F7AC87B004C846F /* Debug */,
				1C0499BE1F7AC87B004C846F /* Release */,
			);
			defaultConfigurationIsVisible = 0;
			defaultConfigurationName = Release;
		};
		1C0499BF1F7AC87B004C846F /* Build configuration list for PBXNativeTarget "SmackApp" */ = {
			isa = XCConfigurationList;
			buildConfigurations = (
				1C0499C01F7AC87B004C846F /* Debug */,
				1C0499C11F7AC87B004C846F /* Release */,
			);
			defaultConfigurationIsVisible = 0;
			defaultConfigurationName = Release;
		};
/* End XCConfigurationList section */
	};
	rootObject = 1C0499A71F7AC87A004C846F /* Project object */;
}
